
Microsoft Visual Studio Solution File, Format Version 12.00
# Visual Studio Version 16
VisualStudioVersion = 16.0.29613.14
MinimumVisualStudioVersion = 10.0.40219.1
Project("{8BC9CEB8-8B4A-11D0-8D11-00A0C91BC942}") = "GetGlyph", "GetGlyph\GetGlyph.vcxproj", "{F2727D0A-6D67-4D7B-8731-F7E3F78AB00B}"
EndProject
Global
	GlobalSection(SolutionConfigurationPlatforms) = preSolution
		Debug|x64 = Debug|x64
		Debug|x86 = Debug|x86
		Release|x64 = Release|x64
		Release|x86 = Release|x86
	EndGlobalSection
	GlobalSection(ProjectConfigurationPlatforms) = postSolution
		{F2727D0A-6D67-4D7B-8731-F7E3F78AB00B}.Debug|x64.ActiveCfg = Debug|x64
		{F2727D0A-6D67-4D7B-8731-F7E3F78AB00B}.Debug|x64.Build.0 = Debug|x64
		{F2727D0A-6D67-4D7B-8731-F7E3F78AB00B}.Debug|x86.ActiveCfg = Debug|Win32
		{F2727D0A-6D67-4D7B-8731-F7E3F78AB00B}.Debug|x86.Build.0 = Debug|Win32
		{F2727D0A-6D67-4D7B-8731-F7E3F78AB00B}.Release|x64.ActiveCfg = Release|x64
		{F2727D0A-6D67-4D7B-8731-F7E3F78AB00B}.Release|x64.Build.0 = Release|x64
		{F2727D0A-6D67-4D7B-8731-F7E3F78AB00B}.Release|x86.ActiveCfg = Release|Win32
		{F2727D0A-6D67-4D7B-8731-F7E3F78AB00B}.Release|x86.Build.0 = Release|Win32
	EndGlobalSection
	GlobalSection(SolutionProperties) = preSolution
		HideSolutionNode = FALSE
	EndGlobalSection
	GlobalSection(ExtensibilityGlobals) = postSolution
		SolutionGuid = {77DD646B-0818-45BC-B193-78C1D63D8BB6}
	EndGlobalSection
EndGlobal
